
Microsoft Visual Studio Solution File, Format Version 12.00
# Visual Studio Version 17
VisualStudioVersion = 17.9.34407.89
MinimumVisualStudioVersion = 10.0.40219.1
Project("{9A19103F-16F7-4668-BE54-9A1E7A4F7556}") = "SnBlogCore", "SnBlogCore\SnBlogCore.csproj", "{8BCEB52E-C20F-4C4F-A8E3-1CB491165329}"
EndProject
Project("{FAE04EC0-301F-11D3-BF4B-00C04F79EFBC}") = "CommonLibrary", "CommonLibrary\CommonLibrary.csproj", "{6E259752-43F2-4202-ADAD-AEF66846EC05}"
EndProject
Global
	GlobalSection(SolutionConfigurationPlatforms) = preSolution
		Debug|Any CPU = Debug|Any CPU
		Release|Any CPU = Release|Any CPU
	EndGlobalSection
	GlobalSection(ProjectConfigurationPlatforms) = postSolution
		{8BCEB52E-C20F-4C4F-A8E3-1CB491165329}.Debug|Any CPU.ActiveCfg = Debug|Any CPU
		{8BCEB52E-C20F-4C4F-A8E3-1CB491165329}.Debug|Any CPU.Build.0 = Debug|Any CPU
		{8BCEB52E-C20F-4C4F-A8E3-1CB491165329}.Release|Any CPU.ActiveCfg = Release|Any CPU
		{8BCEB52E-C20F-4C4F-A8E3-1CB491165329}.Release|Any CPU.Build.0 = Release|Any CPU
		{6E259752-43F2-4202-ADAD-AEF66846EC05}.Debug|Any CPU.ActiveCfg = Debug|Any CPU
		{6E259752-43F2-4202-ADAD-AEF66846EC05}.Debug|Any CPU.Build.0 = Debug|Any CPU
		{6E259752-43F2-4202-ADAD-AEF66846EC05}.Release|Any CPU.ActiveCfg = Release|Any CPU
		{6E259752-43F2-4202-ADAD-AEF66846EC05}.Release|Any CPU.Build.0 = Release|Any CPU
	EndGlobalSection
	GlobalSection(SolutionProperties) = preSolution
		HideSolutionNode = FALSE
	EndGlobalSection
	GlobalSection(ExtensibilityGlobals) = postSolution
		SolutionGuid = {B47052BD-F8C4-40B9-BD5F-51B419EA610F}
	EndGlobalSection
EndGlobal
